
Microsoft Visual Studio Solution File, Format Version 12.00
# Visual Studio 15
VisualStudioVersion = 15.0.28307.106
MinimumVisualStudioVersion = 10.0.40219.1
Project("{FAE04EC0-301F-11D3-BF4B-00C04F79EFBC}") = "OperatorLabs", "OperatorLabs.csproj", "{D375969F-34FE-466A-8CD5-2577EB55A80C}"
EndProject
Project("{FAE04EC0-301F-11D3-BF4B-00C04F79EFBC}") = "OperatorLabsTests", "..\OperatorLabsTests\OperatorLabsTests.csproj", "{C04C9908-8761-4690-8C17-C6230D84FD28}"
EndProject
Global
	GlobalSection(SolutionConfigurationPlatforms) = preSolution
		Debug|Any CPU = Debug|Any CPU
		Release|Any CPU = Release|Any CPU
	EndGlobalSection
	GlobalSection(ProjectConfigurationPlatforms) = postSolution
		{D375969F-34FE-466A-8CD5-2577EB55A80C}.Debug|Any CPU.ActiveCfg = Debug|Any CPU
		{D375969F-34FE-466A-8CD5-2577EB55A80C}.Debug|Any CPU.Build.0 = Debug|Any CPU
		{D375969F-34FE-466A-8CD5-2577EB55A80C}.Release|Any CPU.ActiveCfg = Release|Any CPU
		{D375969F-34FE-466A-8CD5-2577EB55A80C}.Release|Any CPU.Build.0 = Release|Any CPU
		{C04C9908-8761-4690-8C17-C6230D84FD28}.Debug|Any CPU.ActiveCfg = Debug|Any CPU
		{C04C9908-8761-4690-8C17-C6230D84FD28}.Debug|Any CPU.Build.0 = Debug|Any CPU
		{C04C9908-8761-4690-8C17-C6230D84FD28}.Release|Any CPU.ActiveCfg = Release|Any CPU
		{C04C9908-8761-4690-8C17-C6230D84FD28}.Release|Any CPU.Build.0 = Release|Any CPU
	EndGlobalSection
	GlobalSection(SolutionProperties) = preSolution
		HideSolutionNode = FALSE
	EndGlobalSection
	GlobalSection(ExtensibilityGlobals) = postSolution
		SolutionGuid = {57D9EE09-3E7F-4C97-A163-110582932FE3}
	EndGlobalSection
EndGlobal
